
Microsoft Visual Studio Solution File, Format Version 12.00
# Visual Studio Version 17
VisualStudioVersion = 17.13.35931.197 d17.13
MinimumVisualStudioVersion = 10.0.40219.1
Project("{FAE04EC0-301F-11D3-BF4B-00C04F79EFBC}") = "FizzBuzz", "FizzBuzz\FizzBuzz.csproj", "{BDEAEE3C-F600-4048-96EF-4B306CC9E2C0}"
EndProject
Global
	GlobalSection(SolutionConfigurationPlatforms) = preSolution
		Debug|Any CPU = Debug|Any CPU
		Release|Any CPU = Release|Any CPU
	EndGlobalSection
	GlobalSection(ProjectConfigurationPlatforms) = postSolution
		{BDEAEE3C-F600-4048-96EF-4B306CC9E2C0}.Debug|Any CPU.ActiveCfg = Debug|Any CPU
		{BDEAEE3C-F600-4048-96EF-4B306CC9E2C0}.Debug|Any CPU.Build.0 = Debug|Any CPU
		{BDEAEE3C-F600-4048-96EF-4B306CC9E2C0}.Release|Any CPU.ActiveCfg = Release|Any CPU
		{BDEAEE3C-F600-4048-96EF-4B306CC9E2C0}.Release|Any CPU.Build.0 = Release|Any CPU
	EndGlobalSection
	GlobalSection(SolutionProperties) = preSolution
		HideSolutionNode = FALSE
	EndGlobalSection
	GlobalSection(ExtensibilityGlobals) = postSolution
		SolutionGuid = {65BF41E1-7D52-426A-A28F-B3E4433693D7}
	EndGlobalSection
EndGlobal
