
Microsoft Visual Studio Solution File, Format Version 12.00
# Visual Studio Version 17
VisualStudioVersion = 17.13.35931.197 d17.13
MinimumVisualStudioVersion = 10.0.40219.1
Project("{FAE04EC0-301F-11D3-BF4B-00C04F79EFBC}") = "SimpleClasses", "SimpleClasses\SimpleClasses.csproj", "{730CD749-1D9F-4F61-838E-B8E0408E586C}"
EndProject
Global
	GlobalSection(SolutionConfigurationPlatforms) = preSolution
		Debug|Any CPU = Debug|Any CPU
		Release|Any CPU = Release|Any CPU
	EndGlobalSection
	GlobalSection(ProjectConfigurationPlatforms) = postSolution
		{730CD749-1D9F-4F61-838E-B8E0408E586C}.Debug|Any CPU.ActiveCfg = Debug|Any CPU
		{730CD749-1D9F-4F61-838E-B8E0408E586C}.Debug|Any CPU.Build.0 = Debug|Any CPU
		{730CD749-1D9F-4F61-838E-B8E0408E586C}.Release|Any CPU.ActiveCfg = Release|Any CPU
		{730CD749-1D9F-4F61-838E-B8E0408E586C}.Release|Any CPU.Build.0 = Release|Any CPU
	EndGlobalSection
	GlobalSection(SolutionProperties) = preSolution
		HideSolutionNode = FALSE
	EndGlobalSection
	GlobalSection(ExtensibilityGlobals) = postSolution
		SolutionGuid = {AC5FE227-54D1-48DA-A03E-7F1D1C9167C5}
	EndGlobalSection
EndGlobal
