
Microsoft Visual Studio Solution File, Format Version 12.00
# Visual Studio Version 17
VisualStudioVersion = 17.13.35931.197 d17.13
MinimumVisualStudioVersion = 10.0.40219.1
Project("{FAE04EC0-301F-11D3-BF4B-00C04F79EFBC}") = "IsItEven", "IsItEven\IsItEven.csproj", "{CD8F3521-1ACA-4C32-B646-04CA5C3396AA}"
EndProject
Global
	GlobalSection(SolutionConfigurationPlatforms) = preSolution
		Debug|Any CPU = Debug|Any CPU
		Release|Any CPU = Release|Any CPU
	EndGlobalSection
	GlobalSection(ProjectConfigurationPlatforms) = postSolution
		{CD8F3521-1ACA-4C32-B646-04CA5C3396AA}.Debug|Any CPU.ActiveCfg = Debug|Any CPU
		{CD8F3521-1ACA-4C32-B646-04CA5C3396AA}.Debug|Any CPU.Build.0 = Debug|Any CPU
		{CD8F3521-1ACA-4C32-B646-04CA5C3396AA}.Release|Any CPU.ActiveCfg = Release|Any CPU
		{CD8F3521-1ACA-4C32-B646-04CA5C3396AA}.Release|Any CPU.Build.0 = Release|Any CPU
	EndGlobalSection
	GlobalSection(SolutionProperties) = preSolution
		HideSolutionNode = FALSE
	EndGlobalSection
	GlobalSection(ExtensibilityGlobals) = postSolution
		SolutionGuid = {D55BB646-F518-4001-BE56-D3DBD40F098D}
	EndGlobalSection
EndGlobal
