
Microsoft Visual Studio Solution File, Format Version 12.00
# Visual Studio Version 17
VisualStudioVersion = 17.13.35931.197 d17.13
MinimumVisualStudioVersion = 10.0.40219.1
Project("{FAE04EC0-301F-11D3-BF4B-00C04F79EFBC}") = "ADifferentProblem", "ADifferentProblem\ADifferentProblem.csproj", "{6EC2F668-5A15-4E8B-85F1-09C1F871AA73}"
EndProject
Global
	GlobalSection(SolutionConfigurationPlatforms) = preSolution
		Debug|Any CPU = Debug|Any CPU
		Release|Any CPU = Release|Any CPU
	EndGlobalSection
	GlobalSection(ProjectConfigurationPlatforms) = postSolution
		{6EC2F668-5A15-4E8B-85F1-09C1F871AA73}.Debug|Any CPU.ActiveCfg = Debug|Any CPU
		{6EC2F668-5A15-4E8B-85F1-09C1F871AA73}.Debug|Any CPU.Build.0 = Debug|Any CPU
		{6EC2F668-5A15-4E8B-85F1-09C1F871AA73}.Release|Any CPU.ActiveCfg = Release|Any CPU
		{6EC2F668-5A15-4E8B-85F1-09C1F871AA73}.Release|Any CPU.Build.0 = Release|Any CPU
	EndGlobalSection
	GlobalSection(SolutionProperties) = preSolution
		HideSolutionNode = FALSE
	EndGlobalSection
	GlobalSection(ExtensibilityGlobals) = postSolution
		SolutionGuid = {55D9A537-C49F-46B5-A379-F9278F9585AC}
	EndGlobalSection
EndGlobal
