
Microsoft Visual Studio Solution File, Format Version 12.00
# Visual Studio Version 17
VisualStudioVersion = 17.13.35931.197 d17.13
MinimumVisualStudioVersion = 10.0.40219.1
Project("{FAE04EC0-301F-11D3-BF4B-00C04F79EFBC}") = "UnderstandingArrays", "UnderstandingArrays\UnderstandingArrays.csproj", "{03B08BE3-3ABF-44CB-81AD-2D7D2025E077}"
EndProject
Global
	GlobalSection(SolutionConfigurationPlatforms) = preSolution
		Debug|Any CPU = Debug|Any CPU
		Release|Any CPU = Release|Any CPU
	EndGlobalSection
	GlobalSection(ProjectConfigurationPlatforms) = postSolution
		{03B08BE3-3ABF-44CB-81AD-2D7D2025E077}.Debug|Any CPU.ActiveCfg = Debug|Any CPU
		{03B08BE3-3ABF-44CB-81AD-2D7D2025E077}.Debug|Any CPU.Build.0 = Debug|Any CPU
		{03B08BE3-3ABF-44CB-81AD-2D7D2025E077}.Release|Any CPU.ActiveCfg = Release|Any CPU
		{03B08BE3-3ABF-44CB-81AD-2D7D2025E077}.Release|Any CPU.Build.0 = Release|Any CPU
	EndGlobalSection
	GlobalSection(SolutionProperties) = preSolution
		HideSolutionNode = FALSE
	EndGlobalSection
	GlobalSection(ExtensibilityGlobals) = postSolution
		SolutionGuid = {00CB5BC2-1232-4FA2-A766-8F1C0E947CDD}
	EndGlobalSection
EndGlobal
